Microsoft Visual Studio Solution File, Format Version 12.00
# Visual Studio Version 17
VisualStudioVersion = 17.0.31903.59
MinimumVisualStudioVersion = 10.0.40219.1
Project("{FAE04EC0-301F-11D3-BF4B-00C04F79EFBC}") = "ForexAlert", "src\ForexAlert\ForexAlert.csproj", "{B69ADCFC-D4FB-44CD-8546-A312678A5314}"
EndProject
Project("{FAE04EC0-301F-11D3-BF4B-00C04F79EFBC}") = "ForexAlert.Tests", "tests\ForexAlert.Tests\ForexAlert.Tests.csproj", "{C84D661C-049D-43CF-89A3-572CBB47B6BC}"
EndProject
Global
	GlobalSection(SolutionConfigurationPlatforms) = preSolution
		Debug|Any CPU = Debug|Any CPU
		Release|Any CPU = Release|Any CPU
	EndGlobalSection
	GlobalSection(ProjectConfigurationPlatforms) = postSolution
		{B69ADCFC-D4FB-44CD-8546-A312678A5314}.Debug|Any CPU.ActiveCfg = Debug|Any CPU
		{B69ADCFC-D4FB-44CD-8546-A312678A5314}.Debug|Any CPU.Build.0 = Debug|Any CPU
		{B69ADCFC-D4FB-44CD-8546-A312678A5314}.Release|Any CPU.ActiveCfg = Release|Any CPU
		{B69ADCFC-D4FB-44CD-8546-A312678A5314}.Release|Any CPU.Build.0 = Release|Any CPU
		{C84D661C-049D-43CF-89A3-572CBB47B6BC}.Debug|Any CPU.ActiveCfg = Debug|Any CPU
		{C84D661C-049D-43CF-89A3-572CBB47B6BC}.Debug|Any CPU.Build.0 = Debug|Any CPU
		{C84D661C-049D-43CF-89A3-572CBB47B6BC}.Release|Any CPU.ActiveCfg = Release|Any CPU
		{C84D661C-049D-43CF-89A3-572CBB47B6BC}.Release|Any CPU.Build.0 = Release|Any CPU
	EndGlobalSection
	GlobalSection(SolutionProperties) = preSolution
		HideSolutionNode = FALSE
	EndGlobalSection
EndGlobal
